
Microsoft Visual Studio Solution File, Format Version 12.00
# Visual Studio Version 17
VisualStudioVersion = 17.6.33723.286
MinimumVisualStudioVersion = 10.0.40219.1
Project("{9A19103F-16F7-4668-BE54-9A1E7A4F7556}") = "ASP.NETCoreWebApi", "ASP.NETCoreWebApi\ASP.NETCoreWebApi.csproj", "{48FC15F0-7BDB-4211-8AE0-6F7ABE7AC790}"
EndProject
Project("{FAE04EC0-301F-11D3-BF4B-00C04F79EFBC}") = "ASP.NETCoreWebApiTests", "ASP.NETCoreWebApiTests\ASP.NETCoreWebApiTests.csproj", "{153CF031-8024-4151-90A0-F20BA7400D95}"
EndProject
Global
	GlobalSection(SolutionConfigurationPlatforms) = preSolution
		Debug|Any CPU = Debug|Any CPU
		Release|Any CPU = Release|Any CPU
	EndGlobalSection
	GlobalSection(ProjectConfigurationPlatforms) = postSolution
		{48FC15F0-7BDB-4211-8AE0-6F7ABE7AC790}.Debug|Any CPU.ActiveCfg = Debug|Any CPU
		{48FC15F0-7BDB-4211-8AE0-6F7ABE7AC790}.Debug|Any CPU.Build.0 = Debug|Any CPU
		{48FC15F0-7BDB-4211-8AE0-6F7ABE7AC790}.Release|Any CPU.ActiveCfg = Release|Any CPU
		{48FC15F0-7BDB-4211-8AE0-6F7ABE7AC790}.Release|Any CPU.Build.0 = Release|Any CPU
		{153CF031-8024-4151-90A0-F20BA7400D95}.Debug|Any CPU.ActiveCfg = Debug|Any CPU
		{153CF031-8024-4151-90A0-F20BA7400D95}.Debug|Any CPU.Build.0 = Debug|Any CPU
		{153CF031-8024-4151-90A0-F20BA7400D95}.Release|Any CPU.ActiveCfg = Release|Any CPU
		{153CF031-8024-4151-90A0-F20BA7400D95}.Release|Any CPU.Build.0 = Release|Any CPU
	EndGlobalSection
	GlobalSection(SolutionProperties) = preSolution
		HideSolutionNode = FALSE
	EndGlobalSection
	GlobalSection(ExtensibilityGlobals) = postSolution
		SolutionGuid = {D2527A4E-7DB5-46A2-829D-16C41F19A59E}
	EndGlobalSection
EndGlobal
